// !$*UTF8*$!
{
	archiveVersion = 1;
	classes = {
	};
	objectVersion = 46;
	objects = {

/* Begin PBXBuildFile section */
		4D81063AB169E6B01D2716A9 /* libPods-nba.a in Frameworks */ = {isa = PBXBuildFile; fileRef = BB9013F6C77CF1F8BA1A23FB /* libPods-nba.a */; };
		D60B84F71D362C4300C78FB8 /* CCInformationTableViewCell.m in Sources */ = {isa = PBXBuildFile; fileRef = D60B84F51D362C4300C78FB8 /* CCInformationTableViewCell.m */; };
		D60B84F81D362C4300C78FB8 /* CCInformationTableViewCell.xib in Resources */ = {isa = PBXBuildFile; fileRef = D60B84F61D362C4300C78FB8 /* CCInformationTableViewCell.xib */; };
		D60D06641D37BDB700382A32 /* WCCAVPlayerView.m in Sources */ = {isa = PBXBuildFile; fileRef = D60D06631D37BDB700382A32 /* WCCAVPlayerView.m */; };
		D60D06661D37BDC200382A32 /* WCCAVPlayerView.xib in Resources */ = {isa = PBXBuildFile; fileRef = D60D06651D37BDC200382A32 /* WCCAVPlayerView.xib */; };
		D638DB861D366441001CD3BB /* CCCollectionTableViewController.m in Sources */ = {isa = PBXBuildFile; fileRef = D638DB811D366441001CD3BB /* CCCollectionTableViewController.m */; };
		D638DB871D366441001CD3BB /* CCHighlightsTableViewController.m in Sources */ = {isa = PBXBuildFile; fileRef = D638DB831D366441001CD3BB /* CCHighlightsTableViewController.m */; };
		D638DB881D366441001CD3BB /* CCOptimalTableViewController.m in Sources */ = {isa = PBXBuildFile; fileRef = D638DB851D366441001CD3BB /* CCOptimalTableViewController.m */; };
		D638DB901D368B75001CD3BB /* CCVideoModel.m in Sources */ = {isa = PBXBuildFile; fileRef = D638DB8F1D368B75001CD3BB /* CCVideoModel.m */; };
		D638DB941D368B92001CD3BB /* CCVideoTableViewCell.m in Sources */ = {isa = PBXBuildFile; fileRef = D638DB921D368B92001CD3BB /* CCVideoTableViewCell.m */; };
		D638DB951D368B92001CD3BB /* CCVideoTableViewCell.xib in Resources */ = {isa = PBXBuildFile; fileRef = D638DB931D368B92001CD3BB /* CCVideoTableViewCell.xib */; };
		D6568AB01D34D26B00214120 /* CCNewRequest.m in Sources */ = {isa = PBXBuildFile; fileRef = D6568AAF1D34D26B00214120 /* CCNewRequest.m */; };
		D6568AB31D34D91600214120 /* CCNewHeadModel.m in Sources */ = {isa = PBXBuildFile; fileRef = D6568AB21D34D91600214120 /* CCNewHeadModel.m */; };
		D67F38221D36625B007AED4F /* CCHeadLineTableViewCell.m in Sources */ = {isa = PBXBuildFile; fileRef = D67F38201D36625B007AED4F /* CCHeadLineTableViewCell.m */; };
		D67F38231D36625B007AED4F /* CCHeadLineTableViewCell.xib in Resources */ = {isa = PBXBuildFile; fileRef = D67F38211D36625B007AED4F /* CCHeadLineTableViewCell.xib */; };
		D67F382A1D366285007AED4F /* CCHeadLineViewController.m in Sources */ = {isa = PBXBuildFile; fileRef = D67F38251D366285007AED4F /* CCHeadLineViewController.m */; };
		D67F382B1D366285007AED4F /* CCHeadTwoViewController.m in Sources */ = {isa = PBXBuildFile; fileRef = D67F38271D366285007AED4F /* CCHeadTwoViewController.m */; };
		D67F382C1D366285007AED4F /* CCinformationViewController.m in Sources */ = {isa = PBXBuildFile; fileRef = D67F38291D366285007AED4F /* CCinformationViewController.m */; };
		D6A1C12E1D2F57F1009693E9 /* main.m in Sources */ = {isa = PBXBuildFile; fileRef = D6A1C12D1D2F57F1009693E9 /* main.m */; };
		D6A1C1311D2F57F1009693E9 /* AppDelegate.m in Sources */ = {isa = PBXBuildFile; fileRef = D6A1C1301D2F57F1009693E9 /* AppDelegate.m */; };
		D6A1C13A1D2F57F1009693E9 /* nba.xcdatamodeld in Sources */ = {isa = PBXBuildFile; fileRef = D6A1C1381D2F57F1009693E9 /* nba.xcdatamodeld */; };
		D6A1C13C1D2F57F1009693E9 /* Assets.xcassets in Resources */ = {isa = PBXBuildFile; fileRef = D6A1C13B1D2F57F1009693E9 /* Assets.xcassets */; };
		D6A1C13F1D2F57F1009693E9 /* LaunchScreen.storyboard in Resources */ = {isa = PBXBuildFile; fileRef = D6A1C13D1D2F57F1009693E9 /* LaunchScreen.storyboard */; };
		D6A1C15B1D2F5837009693E9 /* CCBaseViewController.m in Sources */ = {isa = PBXBuildFile; fileRef = D6A1C14A1D2F5837009693E9 /* CCBaseViewController.m */; };
		D6A1C15C1D2F5837009693E9 /* CCMatchViewController.m in Sources */ = {isa = PBXBuildFile; fileRef = D6A1C14E1D2F5837009693E9 /* CCMatchViewController.m */; };
		D6A1C15D1D2F5837009693E9 /* CCMoreViewController.m in Sources */ = {isa = PBXBuildFile; fileRef = D6A1C1521D2F5837009693E9 /* CCMoreViewController.m */; };
		D6A1C15E1D2F5837009693E9 /* CCNewViewController.m in Sources */ = {isa = PBXBuildFile; fileRef = D6A1C1561D2F5837009693E9 /* CCNewViewController.m */; };
		D6A1C15F1D2F5837009693E9 /* CCVideoViewController.m in Sources */ = {isa = PBXBuildFile; fileRef = D6A1C15A1D2F5837009693E9 /* CCVideoViewController.m */; };
		D6A1C1691D2F5911009693E9 /* UIView+Extension.m in Sources */ = {isa = PBXBuildFile; fileRef = D6A1C1681D2F5911009693E9 /* UIView+Extension.m */; };
		D6A1C16E1D2FA6D3009693E9 /* MatchModel.m in Sources */ = {isa = PBXBuildFile; fileRef = D6A1C16D1D2FA6D3009693E9 /* MatchModel.m */; };
		D6A1C1721D2FA6F3009693E9 /* MatchTableViewCell.m in Sources */ = {isa = PBXBuildFile; fileRef = D6A1C1701D2FA6F3009693E9 /* MatchTableViewCell.m */; };
		D6A1C1731D2FA6F3009693E9 /* MatchTableViewCell.xib in Resources */ = {isa = PBXBuildFile; fileRef = D6A1C1711D2FA6F3009693E9 /* MatchTableViewCell.xib */; };
		D6D14DEE1D371D07006D707E /* CCVideoTableViewController.m in Sources */ = {isa = PBXBuildFile; fileRef = D6D14DED1D371D07006D707E /* CCVideoTableViewController.m */; };
		D6D6051B1D3337E000F9F1BC /* CCMatchViewController.xib in Resources */ = {isa = PBXBuildFile; fileRef = D6D6051A1D3337E000F9F1BC /* CCMatchViewController.xib */; };
		D6D6051F1D3387F500F9F1BC /* UrlRequest.m in Sources */ = {isa = PBXBuildFile; fileRef = D6D6051E1D3387F500F9F1BC /* UrlRequest.m */; };
		D6F07EB21D34CBBF003B27C8 /* DateTime.m in Sources */ = {isa = PBXBuildFile; fileRef = D6F07EB11D34CBBF003B27C8 /* DateTime.m */; };
/* End PBXBuildFile section */

/* Begin PBXFileReference section */
		1CEF34DAD109684BE6767B34 /* Pods-nba.release.xcconfig */ = {isa = PBXFileReference; includeInIndex = 1; lastKnownFileType = text.xcconfig; name = "Pods-nba.release.xcconfig"; path = "Pods/Target Support Files/Pods-nba/Pods-nba.release.xcconfig"; sourceTree = "<group>"; };
		BB9013F6C77CF1F8BA1A23FB /* libPods-nba.a */ = {isa = PBXFileReference; explicitFileType = archive.ar; includeInIndex = 0; path = "libPods-nba.a"; sourceTree = BUILT_PRODUCTS_DIR; };
		D60B84F41D362C4300C78FB8 /* CCInformationTableViewCell.h */ = {isa = PBXFileReference; fileEncoding = 4; lastKnownFileType = sourcecode.c.h; path = CCInformationTableViewCell.h; sourceTree = "<group>"; };
		D60B84F51D362C4300C78FB8 /* CCInformationTableViewCell.m */ = {isa = PBXFileReference; fileEncoding = 4; lastKnownFileType = sourcecode.c.objc; path = CCInformationTableViewCell.m; sourceTree = "<group>"; };
		D60B84F61D362C4300C78FB8 /* CCInformationTableViewCell.xib */ = {isa = PBXFileReference; fileEncoding = 4; lastKnownFileType = file.xib; path = CCInformationTableViewCell.xib; sourceTree = "<group>"; };
		D60D06621D37BDA800382A32 /* WCCAVPlayerView.h */ = {isa = PBXFileReference; lastKnownFileType = sourcecode.c.h; path = WCCAVPlayerView.h; sourceTree = "<group>"; };
		D60D06631D37BDB700382A32 /* WCCAVPlayerView.m */ = {isa = PBXFileReference; fileEncoding = 4; lastKnownFileType = sourcecode.c.objc; path = WCCAVPlayerView.m; sourceTree = "<group>"; };
		D60D06651D37BDC200382A32 /* WCCAVPlayerView.xib */ = {isa = PBXFileReference; fileEncoding = 4; lastKnownFileType = file.xib; path = WCCAVPlayerView.xib; sourceTree = "<group>"; };
		D62EC0871D33462F00A4A093 /* NBA.png */ = {isa = PBXFileReference; lastKnownFileType = image.png; path = NBA.png; sourceTree = "<group>"; };
		D638DB801D366441001CD3BB /* CCCollectionTableViewController.h */ = {isa = PBXFileReference; fileEncoding = 4; lastKnownFileType = sourcecode.c.h; path = CCCollectionTableViewController.h; sourceTree = "<group>"; };
		D638DB811D366441001CD3BB /* CCCollectionTableViewController.m */ = {isa = PBXFileReference; fileEncoding = 4; lastKnownFileType = sourcecode.c.objc; path = CCCollectionTableViewController.m; sourceTree = "<group>"; };
		D638DB821D366441001CD3BB /* CCHighlightsTableViewController.h */ = {isa = PBXFileReference; fileEncoding = 4; lastKnownFileType = sourcecode.c.h; path = CCHighlightsTableViewController.h; sourceTree = "<group>"; };
		D638DB831D366441001CD3BB /* CCHighlightsTableViewController.m */ = {isa = PBXFileReference; fileEncoding = 4; lastKnownFileType = sourcecode.c.objc; path = CCHighlightsTableViewController.m; sourceTree = "<group>"; };
		D638DB841D366441001CD3BB /* CCOptimalTableViewController.h */ = {isa = PBXFileReference; fileEncoding = 4; lastKnownFileType = sourcecode.c.h; path = CCOptimalTableViewController.h; sourceTree = "<group>"; };
		D638DB851D366441001CD3BB /* CCOptimalTableViewController.m */ = {isa = PBXFileReference; fileEncoding = 4; lastKnownFileType = sourcecode.c.objc; path = CCOptimalTableViewController.m; sourceTree = "<group>"; };
		D638DB8E1D368B75001CD3BB /* CCVideoModel.h */ = {isa = PBXFileReference; fileEncoding = 4; lastKnownFileType = sourcecode.c.h; path = CCVideoModel.h; sourceTree = "<group>"; };
		D638DB8F1D368B75001CD3BB /* CCVideoModel.m */ = {isa = PBXFileReference; fileEncoding = 4; lastKnownFileType = sourcecode.c.objc; path = CCVideoModel.m; sourceTree = "<group>"; };
		D638DB911D368B92001CD3BB /* CCVideoTableViewCell.h */ = {isa = PBXFileReference; fileEncoding = 4; lastKnownFileType = sourcecode.c.h; path = CCVideoTableViewCell.h; sourceTree = "<group>"; };
		D638DB921D368B92001CD3BB /* CCVideoTableViewCell.m */ = {isa = PBXFileReference; fileEncoding = 4; lastKnownFileType = sourcecode.c.objc; path = CCVideoTableViewCell.m; sourceTree = "<group>"; };
		D638DB931D368B92001CD3BB /* CCVideoTableViewCell.xib */ = {isa = PBXFileReference; fileEncoding = 4; lastKnownFileType = file.xib; path = CCVideoTableViewCell.xib; sourceTree = "<group>"; };
		D6568AAE1D34D26B00214120 /* CCNewRequest.h */ = {isa = PBXFileReference; fileEncoding = 4; lastKnownFileType = sourcecode.c.h; path = CCNewRequest.h; sourceTree = "<group>"; };
		D6568AAF1D34D26B00214120 /* CCNewRequest.m */ = {isa = PBXFileReference; fileEncoding = 4; lastKnownFileType = sourcecode.c.objc; path = CCNewRequest.m; sourceTree = "<group>"; };
		D6568AB11D34D91600214120 /* CCNewHeadModel.h */ = {isa = PBXFileReference; fileEncoding = 4; lastKnownFileType = sourcecode.c.h; path = CCNewHeadModel.h; sourceTree = "<group>"; };
		D6568AB21D34D91600214120 /* CCNewHeadModel.m */ = {isa = PBXFileReference; fileEncoding = 4; lastKnownFileType = sourcecode.c.objc; path = CCNewHeadModel.m; sourceTree = "<group>"; };
		D67F381F1D36625B007AED4F /* CCHeadLineTableViewCell.h */ = {isa = PBXFileReference; fileEncoding = 4; lastKnownFileType = sourcecode.c.h; path = CCHeadLineTableViewCell.h; sourceTree = "<group>"; };
		D67F38201D36625B007AED4F /* CCHeadLineTableViewCell.m */ = {isa = PBXFileReference; fileEncoding = 4; lastKnownFileType = sourcecode.c.objc; path = CCHeadLineTableViewCell.m; sourceTree = "<group>"; };
		D67F38211D36625B007AED4F /* CCHeadLineTableViewCell.xib */ = {isa = PBXFileReference; fileEncoding = 4; lastKnownFileType = file.xib; path = CCHeadLineTableViewCell.xib; sourceTree = "<group>"; };
		D67F38241D366285007AED4F /* CCHeadLineViewController.h */ = {isa = PBXFileReference; fileEncoding = 4; lastKnownFileType = sourcecode.c.h; path = CCHeadLineViewController.h; sourceTree = "<group>"; };
		D67F38251D366285007AED4F /* CCHeadLineViewController.m */ = {isa = PBXFileReference; fileEncoding = 4; lastKnownFileType = sourcecode.c.objc; path = CCHeadLineViewController.m; sourceTree = "<group>"; };
		D67F38261D366285007AED4F /* CCHeadTwoViewController.h */ = {isa = PBXFileReference; fileEncoding = 4; lastKnownFileType = sourcecode.c.h; path = CCHeadTwoViewController.h; sourceTree = "<group>"; };
		D67F38271D366285007AED4F /* CCHeadTwoViewController.m */ = {isa = PBXFileReference; fileEncoding = 4; lastKnownFileType = sourcecode.c.objc; path = CCHeadTwoViewController.m; sourceTree = "<group>"; };
		D67F38281D366285007AED4F /* CCinformationViewController.h */ = {isa = PBXFileReference; fileEncoding = 4; lastKnownFileType = sourcecode.c.h; path = CCinformationViewController.h; sourceTree = "<group>"; };
		D67F38291D366285007AED4F /* CCinformationViewController.m */ = {isa = PBXFileReference; fileEncoding = 4; lastKnownFileType = sourcecode.c.objc; path = CCinformationViewController.m; sourceTree = "<group>"; };
		D6A1C1291D2F57F1009693E9 /* nba.app */ = {isa = PBXFileReference; explicitFileType = wrapper.application; includeInIndex = 0; path = nba.app; sourceTree = BUILT_PRODUCTS_DIR; };
		D6A1C12D1D2F57F1009693E9 /* main.m */ = {isa = PBXFileReference; lastKnownFileType = sourcecode.c.objc; path = main.m; sourceTree = "<group>"; };
		D6A1C12F1D2F57F1009693E9 /* AppDelegate.h */ = {isa = PBXFileReference; lastKnownFileType = sourcecode.c.h; path = AppDelegate.h; sourceTree = "<group>"; };
		D6A1C1301D2F57F1009693E9 /* AppDelegate.m */ = {isa = PBXFileReference; lastKnownFileType = sourcecode.c.objc; path = AppDelegate.m; sourceTree = "<group>"; };
		D6A1C1391D2F57F1009693E9 /* nba.xcdatamodel */ = {isa = PBXFileReference; lastKnownFileType = wrapper.xcdatamodel; path = nba.xcdatamodel; sourceTree = "<group>"; };
		D6A1C13B1D2F57F1009693E9 /* Assets.xcassets */ = {isa = PBXFileReference; lastKnownFileType = folder.assetcatalog; path = Assets.xcassets; sourceTree = "<group>"; };
		D6A1C13E1D2F57F1009693E9 /* Base */ = {isa = PBXFileReference; lastKnownFileType = file.storyboard; name = Base; path = Base.lproj/LaunchScreen.storyboard; sourceTree = "<group>"; };
		D6A1C1401D2F57F1009693E9 /* Info.plist */ = {isa = PBXFileReference; lastKnownFileType = text.plist.xml; path = Info.plist; sourceTree = "<group>"; };
		D6A1C1491D2F5837009693E9 /* CCBaseViewController.h */ = {isa = PBXFileReference; fileEncoding = 4; lastKnownFileType = sourcecode.c.h; path = CCBaseViewController.h; sourceTree = "<group>"; };
		D6A1C14A1D2F5837009693E9 /* CCBaseViewController.m */ = {isa = PBXFileReference; fileEncoding = 4; lastKnownFileType = sourcecode.c.objc; path = CCBaseViewController.m; sourceTree = "<group>"; };
		D6A1C14D1D2F5837009693E9 /* CCMatchViewController.h */ = {isa = PBXFileReference; fileEncoding = 4; lastKnownFileType = sourcecode.c.h; path = CCMatchViewController.h; sourceTree = "<group>"; };
		D6A1C14E1D2F5837009693E9 /* CCMatchViewController.m */ = {isa = PBXFileReference; fileEncoding = 4; lastKnownFileType = sourcecode.c.objc; path = CCMatchViewController.m; sourceTree = "<group>"; };
		D6A1C1511D2F5837009693E9 /* CCMoreViewController.h */ = {isa = PBXFileReference; fileEncoding = 4; lastKnownFileType = sourcecode.c.h; path = CCMoreViewController.h; sourceTree = "<group>"; };
		D6A1C1521D2F5837009693E9 /* CCMoreViewController.m */ = {isa = PBXFileReference; fileEncoding = 4; lastKnownFileType = sourcecode.c.objc; path = CCMoreViewController.m; sourceTree = "<group>"; };
		D6A1C1551D2F5837009693E9 /* CCNewViewController.h */ = {isa = PBXFileReference; fileEncoding = 4; lastKnownFileType = sourcecode.c.h; path = CCNewViewController.h; sourceTree = "<group>"; };
		D6A1C1561D2F5837009693E9 /* CCNewViewController.m */ = {isa = PBXFileReference; fileEncoding = 4; lastKnownFileType = sourcecode.c.objc; path = CCNewViewController.m; sourceTree = "<group>"; };
		D6A1C1591D2F5837009693E9 /* CCVideoViewController.h */ = {isa = PBXFileReference; fileEncoding = 4; lastKnownFileType = sourcecode.c.h; path = CCVideoViewController.h; sourceTree = "<group>"; };
		D6A1C15A1D2F5837009693E9 /* CCVideoViewController.m */ = {isa = PBXFileReference; fileEncoding = 4; lastKnownFileType = sourcecode.c.objc; path = CCVideoViewController.m; sourceTree = "<group>"; };
		D6A1C1661D2F5911009693E9 /* PrefixHeader.pch */ = {isa = PBXFileReference; fileEncoding = 4; lastKnownFileType = sourcecode.c.h; path = PrefixHeader.pch; sourceTree = "<group>"; };
		D6A1C1671D2F5911009693E9 /* UIView+Extension.h */ = {isa = PBXFileReference; fileEncoding = 4; lastKnownFileType = sourcecode.c.h; path = "UIView+Extension.h"; sourceTree = "<group>"; };
		D6A1C1681D2F5911009693E9 /* UIView+Extension.m */ = {isa = PBXFileReference; fileEncoding = 4; lastKnownFileType = sourcecode.c.objc; path = "UIView+Extension.m"; sourceTree = "<group>"; };
		D6A1C16C1D2FA6D3009693E9 /* MatchModel.h */ = {isa = PBXFileReference; fileEncoding = 4; lastKnownFileType = sourcecode.c.h; path = MatchModel.h; sourceTree = "<group>"; };
		D6A1C16D1D2FA6D3009693E9 /* MatchModel.m */ = {isa = PBXFileReference; fileEncoding = 4; lastKnownFileType = sourcecode.c.objc; path = MatchModel.m; sourceTree = "<group>"; };
		D6A1C16F1D2FA6F3009693E9 /* MatchTableViewCell.h */ = {isa = PBXFileReference; fileEncoding = 4; lastKnownFileType = sourcecode.c.h; path = MatchTableViewCell.h; sourceTree = "<group>"; };
		D6A1C1701D2FA6F3009693E9 /* MatchTableViewCell.m */ = {isa = PBXFileReference; fileEncoding = 4; lastKnownFileType = sourcecode.c.objc; path = MatchTableViewCell.m; sourceTree = "<group>"; };
		D6A1C1711D2FA6F3009693E9 /* MatchTableViewCell.xib */ = {isa = PBXFileReference; fileEncoding = 4; lastKnownFileType = file.xib; path = MatchTableViewCell.xib; sourceTree = "<group>"; };
		D6D14DEC1D371D07006D707E /* CCVideoTableViewController.h */ = {isa = PBXFileReference; fileEncoding = 4; lastKnownFileType = sourcecode.c.h; path = CCVideoTableViewController.h; sourceTree = "<group>"; };
		D6D14DED1D371D07006D707E /* CCVideoTableViewController.m */ = {isa = PBXFileReference; fileEncoding = 4; lastKnownFileType = sourcecode.c.objc; path = CCVideoTableViewController.m; sourceTree = "<group>"; };
		D6D6051A1D3337E000F9F1BC /* CCMatchViewController.xib */ = {isa = PBXFileReference; fileEncoding = 4; lastKnownFileType = file.xib; path = CCMatchViewController.xib; sourceTree = "<group>"; };
		D6D6051D1D3387F500F9F1BC /* UrlRequest.h */ = {isa = PBXFileReference; fileEncoding = 4; lastKnownFileType = sourcecode.c.h; path = UrlRequest.h; sourceTree = "<group>"; };
		D6D6051E1D3387F500F9F1BC /* UrlRequest.m */ = {isa = PBXFileReference; fileEncoding = 4; lastKnownFileType = sourcecode.c.objc; path = UrlRequest.m; sourceTree = "<group>"; };
		D6F07EB01D34CBBF003B27C8 /* DateTime.h */ = {isa = PBXFileReference; fileEncoding = 4; lastKnownFileType = sourcecode.c.h; path = DateTime.h; sourceTree = "<group>"; };
		D6F07EB11D34CBBF003B27C8 /* DateTime.m */ = {isa = PBXFileReference; fileEncoding = 4; lastKnownFileType = sourcecode.c.objc; path = DateTime.m; sourceTree = "<group>"; };
		F3D609396A9D66350BDCBF31 /* Pods-nba.debug.xcconfig */ = {isa = PBXFileReference; includeInIndex = 1; lastKnownFileType = text.xcconfig; name = "Pods-nba.debug.xcconfig"; path = "Pods/Target Support Files/Pods-nba/Pods-nba.debug.xcconfig"; sourceTree = "<group>"; };
/* End PBXFileReference section */

/* Begin PBXFrameworksBuildPhase section */
		D6A1C1261D2F57F1009693E9 /* Frameworks */ = {
			isa = PBXFrameworksBuildPhase;
			buildActionMask = 2147483647;
			files = (
				4D81063AB169E6B01D2716A9 /* libPods-nba.a in Frameworks */,
			);
			runOnlyForDeploymentPostprocessing = 0;
		};
/* End PBXFrameworksBuildPhase section */

/* Begin PBXGroup section */
		5C7144E2B77277143A1EE1EB /* Frameworks */ = {
			isa = PBXGroup;
			children = (
				BB9013F6C77CF1F8BA1A23FB /* libPods-nba.a */,
			);
			name = Frameworks;
			sourceTree = "<group>";
		};
		C407F23087E1150103400624 /* Pods */ = {
			isa = PBXGroup;
			children = (
				F3D609396A9D66350BDCBF31 /* Pods-nba.debug.xcconfig */,
				1CEF34DAD109684BE6767B34 /* Pods-nba.release.xcconfig */,
			);
			name = Pods;
			sourceTree = "<group>";
		};
		D60B84F31D362C0E00C78FB8 /* Information */ = {
			isa = PBXGroup;
			children = (
				D60B84F41D362C4300C78FB8 /* CCInformationTableViewCell.h */,
				D60B84F51D362C4300C78FB8 /* CCInformationTableViewCell.m */,
				D60B84F61D362C4300C78FB8 /* CCInformationTableViewCell.xib */,
			);
			path = Information;
			sourceTree = "<group>";
		};
		D62EC0861D33461A00A4A093 /* picture */ = {
			isa = PBXGroup;
			children = (
				D62EC0871D33462F00A4A093 /* NBA.png */,
			);
			path = picture;
			sourceTree = "<group>";
		};
		D638DB891D367288001CD3BB /* Model */ = {
			isa = PBXGroup;
			children = (
				D638DB8E1D368B75001CD3BB /* CCVideoModel.h */,
				D638DB8F1D368B75001CD3BB /* CCVideoModel.m */,
			);
			path = Model;
			sourceTree = "<group>";
		};
		D638DB8A1D367288001CD3BB /* View */ = {
			isa = PBXGroup;
			children = (
				D638DB911D368B92001CD3BB /* CCVideoTableViewCell.h */,
				D638DB921D368B92001CD3BB /* CCVideoTableViewCell.m */,
				D638DB931D368B92001CD3BB /* CCVideoTableViewCell.xib */,
				D60D06621D37BDA800382A32 /* WCCAVPlayerView.h */,
				D60D06631D37BDB700382A32 /* WCCAVPlayerView.m */,
				D60D06651D37BDC200382A32 /* WCCAVPlayerView.xib */,
			);
			path = View;
			sourceTree = "<group>";
		};
		D63BD9CB1D33BE5300D91961 /* View */ = {
			isa = PBXGroup;
			children = (
				D67F38191D3661D7007AED4F /* HeadLine */,
				D60B84F31D362C0E00C78FB8 /* Information */,
			);
			path = View;
			sourceTree = "<group>";
		};
		D63BD9D61D33C3E800D91961 /* Model */ = {
			isa = PBXGroup;
			children = (
				D6568AB11D34D91600214120 /* CCNewHeadModel.h */,
				D6568AB21D34D91600214120 /* CCNewHeadModel.m */,
			);
			path = Model;
			sourceTree = "<group>";
		};
		D6568AAA1D34D20F00214120 /* Request */ = {
			isa = PBXGroup;
			children = (
				D6568AAE1D34D26B00214120 /* CCNewRequest.h */,
				D6568AAF1D34D26B00214120 /* CCNewRequest.m */,
			);
			path = Request;
			sourceTree = "<group>";
		};
		D67F38191D3661D7007AED4F /* HeadLine */ = {
			isa = PBXGroup;
			children = (
				D67F381F1D36625B007AED4F /* CCHeadLineTableViewCell.h */,
				D67F38201D36625B007AED4F /* CCHeadLineTableViewCell.m */,
				D67F38211D36625B007AED4F /* CCHeadLineTableViewCell.xib */,
			);
			path = HeadLine;
			sourceTree = "<group>";
		};
		D6A1C1201D2F57F1009693E9 = {
			isa = PBXGroup;
			children = (
				D6A1C12B1D2F57F1009693E9 /* nba */,
				D6A1C12A1D2F57F1009693E9 /* Products */,
				C407F23087E1150103400624 /* Pods */,
				5C7144E2B77277143A1EE1EB /* Frameworks */,
			);
			sourceTree = "<group>";
		};
		D6A1C12A1D2F57F1009693E9 /* Products */ = {
			isa = PBXGroup;
			children = (
				D6A1C1291D2F57F1009693E9 /* nba.app */,
			);
			name = Products;
			sourceTree = "<group>";
		};
		D6A1C12B1D2F57F1009693E9 /* nba */ = {
			isa = PBXGroup;
			children = (
				D6A1C1651D2F5911009693E9 /* tool */,
				D6A1C1461D2F5837009693E9 /* Main */,
				D6A1C12F1D2F57F1009693E9 /* AppDelegate.h */,
				D6A1C1301D2F57F1009693E9 /* AppDelegate.m */,
				D6A1C13B1D2F57F1009693E9 /* Assets.xcassets */,
				D6A1C13D1D2F57F1009693E9 /* LaunchScreen.storyboard */,
				D6A1C1401D2F57F1009693E9 /* Info.plist */,
				D6A1C1381D2F57F1009693E9 /* nba.xcdatamodeld */,
				D6A1C12C1D2F57F1009693E9 /* Supporting Files */,
			);
			path = nba;
			sourceTree = "<group>";
		};
		D6A1C12C1D2F57F1009693E9 /* Supporting Files */ = {
			isa = PBXGroup;
			children = (
				D6A1C12D1D2F57F1009693E9 /* main.m */,
			);
			name = "Supporting Files";
			sourceTree = "<group>";
		};
		D6A1C1461D2F5837009693E9 /* Main */ = {
			isa = PBXGroup;
			children = (
				D6A1C1471D2F5837009693E9 /* Base */,
				D6A1C14B1D2F5837009693E9 /* Match */,
				D6A1C14F1D2F5837009693E9 /* More */,
				D6A1C1531D2F5837009693E9 /* New */,
				D6A1C1571D2F5837009693E9 /* Video */,
			);
			path = Main;
			sourceTree = "<group>";
		};
		D6A1C1471D2F5837009693E9 /* Base */ = {
			isa = PBXGroup;
			children = (
				D6A1C1481D2F5837009693E9 /* Controller */,
			);
			path = Base;
			sourceTree = "<group>";
		};
		D6A1C1481D2F5837009693E9 /* Controller */ = {
			isa = PBXGroup;
			children = (
				D6A1C1491D2F5837009693E9 /* CCBaseViewController.h */,
				D6A1C14A1D2F5837009693E9 /* CCBaseViewController.m */,
			);
			path = Controller;
			sourceTree = "<group>";
		};
		D6A1C14B1D2F5837009693E9 /* Match */ = {
			isa = PBXGroup;
			children = (
				D6A1C16A1D2FA6BE009693E9 /* Model */,
				D6A1C16B1D2FA6BE009693E9 /* View */,
				D6A1C14C1D2F5837009693E9 /* Controller */,
			);
			path = Match;
			sourceTree = "<group>";
		};
		D6A1C14C1D2F5837009693E9 /* Controller */ = {
			isa = PBXGroup;
			children = (
				D6A1C14D1D2F5837009693E9 /* CCMatchViewController.h */,
				D6A1C14E1D2F5837009693E9 /* CCMatchViewController.m */,
				D6D6051A1D3337E000F9F1BC /* CCMatchViewController.xib */,
			);
			path = Controller;
			sourceTree = "<group>";
		};
		D6A1C14F1D2F5837009693E9 /* More */ = {
			isa = PBXGroup;
			children = (
				D6A1C1501D2F5837009693E9 /* Controller */,
			);
			path = More;
			sourceTree = "<group>";
		};
		D6A1C1501D2F5837009693E9 /* Controller */ = {
			isa = PBXGroup;
			children = (
				D6A1C1511D2F5837009693E9 /* CCMoreViewController.h */,
				D6A1C1521D2F5837009693E9 /* CCMoreViewController.m */,
			);
			path = Controller;
			sourceTree = "<group>";
		};
		D6A1C1531D2F5837009693E9 /* New */ = {
			isa = PBXGroup;
			children = (
				D6568AAA1D34D20F00214120 /* Request */,
				D63BD9D61D33C3E800D91961 /* Model */,
				D63BD9CB1D33BE5300D91961 /* View */,
				D6A1C1541D2F5837009693E9 /* Controller */,
			);
			path = New;
			sourceTree = "<group>";
		};
		D6A1C1541D2F5837009693E9 /* Controller */ = {
			isa = PBXGroup;
			children = (
				D67F38241D366285007AED4F /* CCHeadLineViewController.h */,
				D67F38251D366285007AED4F /* CCHeadLineViewController.m */,
				D67F38261D366285007AED4F /* CCHeadTwoViewController.h */,
				D67F38271D366285007AED4F /* CCHeadTwoViewController.m */,
				D67F38281D366285007AED4F /* CCinformationViewController.h */,
				D67F38291D366285007AED4F /* CCinformationViewController.m */,
				D6A1C1551D2F5837009693E9 /* CCNewViewController.h */,
				D6A1C1561D2F5837009693E9 /* CCNewViewController.m */,
				D62EC0861D33461A00A4A093 /* picture */,
			);
			path = Controller;
			sourceTree = "<group>";
		};
		D6A1C1571D2F5837009693E9 /* Video */ = {
			isa = PBXGroup;
			children = (
				D6A1C1581D2F5837009693E9 /* Controller */,
				D638DB891D367288001CD3BB /* Model */,
				D638DB8A1D367288001CD3BB /* View */,
			);
			path = Video;
			sourceTree = "<group>";
		};
		D6A1C1581D2F5837009693E9 /* Controller */ = {
			isa = PBXGroup;
			children = (
				D6A1C1591D2F5837009693E9 /* CCVideoViewController.h */,
				D6A1C15A1D2F5837009693E9 /* CCVideoViewController.m */,
				D638DB801D366441001CD3BB /* CCCollectionTableViewController.h */,
				D638DB811D366441001CD3BB /* CCCollectionTableViewController.m */,
				D638DB821D366441001CD3BB /* CCHighlightsTableViewController.h */,
				D638DB831D366441001CD3BB /* CCHighlightsTableViewController.m */,
				D638DB841D366441001CD3BB /* CCOptimalTableViewController.h */,
				D638DB851D366441001CD3BB /* CCOptimalTableViewController.m */,
				D6D14DEC1D371D07006D707E /* CCVideoTableViewController.h */,
				D6D14DED1D371D07006D707E /* CCVideoTableViewController.m */,
			);
			path = Controller;
			sourceTree = "<group>";
		};
		D6A1C1651D2F5911009693E9 /* tool */ = {
			isa = PBXGroup;
			children = (
				D6D6051C1D33849F00F9F1BC /* URLrequest */,
				D6A1C1661D2F5911009693E9 /* PrefixHeader.pch */,
				D6A1C1671D2F5911009693E9 /* UIView+Extension.h */,
				D6A1C1681D2F5911009693E9 /* UIView+Extension.m */,
				D6F07EB01D34CBBF003B27C8 /* DateTime.h */,
				D6F07EB11D34CBBF003B27C8 /* DateTime.m */,
			);
			path = tool;
			sourceTree = "<group>";
		};
		D6A1C16A1D2FA6BE009693E9 /* Model */ = {
			isa = PBXGroup;
			children = (
				D6A1C16C1D2FA6D3009693E9 /* MatchModel.h */,
				D6A1C16D1D2FA6D3009693E9 /* MatchModel.m */,
			);
			path = Model;
			sourceTree = "<group>";
		};
		D6A1C16B1D2FA6BE009693E9 /* View */ = {
			isa = PBXGroup;
			children = (
				D6A1C16F1D2FA6F3009693E9 /* MatchTableViewCell.h */,
				D6A1C1701D2FA6F3009693E9 /* MatchTableViewCell.m */,
				D6A1C1711D2FA6F3009693E9 /* MatchTableViewCell.xib */,
			);
			path = View;
			sourceTree = "<group>";
		};
		D6D6051C1D33849F00F9F1BC /* URLrequest */ = {
			isa = PBXGroup;
			children = (
				D6D6051D1D3387F500F9F1BC /* UrlRequest.h */,
				D6D6051E1D3387F500F9F1BC /* UrlRequest.m */,
			);
			path = URLrequest;
			sourceTree = "<group>";
		};
/* End PBXGroup section */

/* Begin PBXNativeTarget section */
		D6A1C1281D2F57F1009693E9 /* nba */ = {
			isa = PBXNativeTarget;
			buildConfigurationList = D6A1C1431D2F57F1009693E9 /* Build configuration list for PBXNativeTarget "nba" */;
			buildPhases = (
				5DB3BF3B324873E3E49F01D5 /* 📦 Check Pods Manifest.lock */,
				D6A1C1251D2F57F1009693E9 /* Sources */,
				D6A1C1261D2F57F1009693E9 /* Frameworks */,
				D6A1C1271D2F57F1009693E9 /* Resources */,
				BA40E0798447E0C16312D255 /* 📦 Embed Pods Frameworks */,
				663CC0064CD90BFA963CC439 /* 📦 Copy Pods Resources */,
			);
			buildRules = (
			);
			dependencies = (
			);
			name = nba;
			productName = nba;
			productReference = D6A1C1291D2F57F1009693E9 /* nba.app */;
			productType = "com.apple.product-type.application";
		};
/* End PBXNativeTarget section */

/* Begin PBXProject section */
		D6A1C1211D2F57F1009693E9 /* Project object */ = {
			isa = PBXProject;
			attributes = {
				LastUpgradeCheck = 0720;
				ORGANIZATIONNAME = wanccao;
				TargetAttributes = {
					D6A1C1281D2F57F1009693E9 = {
						CreatedOnToolsVersion = 7.2;
						DevelopmentTeam = 5M7963BUC9;
					};
				};
			};
			buildConfigurationList = D6A1C1241D2F57F1009693E9 /* Build configuration list for PBXProject "nba" */;
			compatibilityVersion = "Xcode 3.2";
			developmentRegion = English;
			hasScannedForEncodings = 0;
			knownRegions = (
				en,
				Base,
			);
			mainGroup = D6A1C1201D2F57F1009693E9;
			productRefGroup = D6A1C12A1D2F57F1009693E9 /* Products */;
			projectDirPath = "";
			projectRoot = "";
			targets = (
				D6A1C1281D2F57F1009693E9 /* nba */,
			);
		};
/* End PBXProject section */

/* Begin PBXResourcesBuildPhase section */
		D6A1C1271D2F57F1009693E9 /* Resources */ = {
			isa = PBXResourcesBuildPhase;
			buildActionMask = 2147483647;
			files = (
				D60D06661D37BDC200382A32 /* WCCAVPlayerView.xib in Resources */,
				D6D6051B1D3337E000F9F1BC /* CCMatchViewController.xib in Resources */,
				D6A1C13F1D2F57F1009693E9 /* LaunchScreen.storyboard in Resources */,
				D60B84F81D362C4300C78FB8 /* CCInformationTableViewCell.xib in Resources */,
				D67F38231D36625B007AED4F /* CCHeadLineTableViewCell.xib in Resources */,
				D6A1C13C1D2F57F1009693E9 /* Assets.xcassets in Resources */,
				D6A1C1731D2FA6F3009693E9 /* MatchTableViewCell.xib in Resources */,
				D638DB951D368B92001CD3BB /* CCVideoTableViewCell.xib in Resources */,
			);
			runOnlyForDeploymentPostprocessing = 0;
		};
/* End PBXResourcesBuildPhase section */

/* Begin PBXShellScriptBuildPhase section */
		5DB3BF3B324873E3E49F01D5 /* 📦 Check Pods Manifest.lock */ = {
			isa = PBXShellScriptBuildPhase;
			buildActionMask = 2147483647;
			files = (
			);
			inputPaths = (
			);
			name = "📦 Check Pods Manifest.lock";
			outputPaths = (
			);
			runOnlyForDeploymentPostprocessing = 0;
			shellPath = /bin/sh;
			shellScript = "diff \"${PODS_ROOT}/../Podfile.lock\" \"${PODS_ROOT}/Manifest.lock\" > /dev/null\nif [[ $? != 0 ]] ; then\n    cat << EOM\nerror: The sandbox is not in sync with the Podfile.lock. Run 'pod install' or update your CocoaPods installation.\nEOM\n    exit 1\nfi\n";
			showEnvVarsInLog = 0;
		};
		663CC0064CD90BFA963CC439 /* 📦 Copy Pods Resources */ = {
			isa = PBXShellScriptBuildPhase;
			buildActionMask = 2147483647;
			files = (
			);
			inputPaths = (
			);
			name = "📦 Copy Pods Resources";
			outputPaths = (
			);
			runOnlyForDeploymentPostprocessing = 0;
			shellPath = /bin/sh;
			shellScript = "\"${SRCROOT}/Pods/Target Support Files/Pods-nba/Pods-nba-resources.sh\"\n";
			showEnvVarsInLog = 0;
		};
		BA40E0798447E0C16312D255 /* 📦 Embed Pods Frameworks */ = {
			isa = PBXShellScriptBuildPhase;
			buildActionMask = 2147483647;
			files = (
			);
			inputPaths = (
			);
			name = "📦 Embed Pods Frameworks";
			outputPaths = (
			);
			runOnlyForDeploymentPostprocessing = 0;
			shellPath = /bin/sh;
			shellScript = "\"${SRCROOT}/Pods/Target Support Files/Pods-nba/Pods-nba-frameworks.sh\"\n";
			showEnvVarsInLog = 0;
		};
/* End PBXShellScriptBuildPhase section */

/* Begin PBXSourcesBuildPhase section */
		D6A1C1251D2F57F1009693E9 /* Sources */ = {
			isa = PBXSourcesBuildPhase;
			buildActionMask = 2147483647;
			files = (
				D67F38221D36625B007AED4F /* CCHeadLineTableViewCell.m in Sources */,
				D6A1C1691D2F5911009693E9 /* UIView+Extension.m in Sources */,
				D6A1C15D1D2F5837009693E9 /* CCMoreViewController.m in Sources */,
				D6568AB01D34D26B00214120 /* CCNewRequest.m in Sources */,
				D6A1C15B1D2F5837009693E9 /* CCBaseViewController.m in Sources */,
				D638DB861D366441001CD3BB /* CCCollectionTableViewController.m in Sources */,
				D6D6051F1D3387F500F9F1BC /* UrlRequest.m in Sources */,
				D638DB881D366441001CD3BB /* CCOptimalTableViewController.m in Sources */,
				D67F382B1D366285007AED4F /* CCHeadTwoViewController.m in Sources */,
				D6A1C13A1D2F57F1009693E9 /* nba.xcdatamodeld in Sources */,
				D6568AB31D34D91600214120 /* CCNewHeadModel.m in Sources */,
				D638DB871D366441001CD3BB /* CCHighlightsTableViewController.m in Sources */,
				D6F07EB21D34CBBF003B27C8 /* DateTime.m in Sources */,
				D638DB941D368B92001CD3BB /* CCVideoTableViewCell.m in Sources */,
				D6A1C1311D2F57F1009693E9 /* AppDelegate.m in Sources */,
				D60B84F71D362C4300C78FB8 /* CCInformationTableViewCell.m in Sources */,
				D6A1C1721D2FA6F3009693E9 /* MatchTableViewCell.m in Sources */,
				D6D14DEE1D371D07006D707E /* CCVideoTableViewController.m in Sources */,
				D6A1C16E1D2FA6D3009693E9 /* MatchModel.m in Sources */,
				D6A1C15F1D2F5837009693E9 /* CCVideoViewController.m in Sources */,
				D6A1C15C1D2F5837009693E9 /* CCMatchViewController.m in Sources */,
				D6A1C12E1D2F57F1009693E9 /* main.m in Sources */,
				D67F382A1D366285007AED4F /* CCHeadLineViewController.m in Sources */,
				D6A1C15E1D2F5837009693E9 /* CCNewViewController.m in Sources */,
				D60D06641D37BDB700382A32 /* WCCAVPlayerView.m in Sources */,
				D67F382C1D366285007AED4F /* CCinformationViewController.m in Sources */,
				D638DB901D368B75001CD3BB /* CCVideoModel.m in Sources */,
			);
			runOnlyForDeploymentPostprocessing = 0;
		};
/* End PBXSourcesBuildPhase section */

/* Begin PBXVariantGroup section */
		D6A1C13D1D2F57F1009693E9 /* LaunchScreen.storyboard */ = {
			isa = PBXVariantGroup;
			children = (
				D6A1C13E1D2F57F1009693E9 /* Base */,
			);
			name = LaunchScreen.storyboard;
			sourceTree = "<group>";
		};
/* End PBXVariantGroup section */

/* Begin XCBuildConfiguration section */
		D6A1C1411D2F57F1009693E9 /* Debug */ = {
			isa = XCBuildConfiguration;
			buildSettings = {
				ALWAYS_SEARCH_USER_PATHS = NO;
				CLANG_CXX_LANGUAGE_STANDARD = "gnu++0x";
				CLANG_CXX_LIBRARY = "libc++";
				CLANG_ENABLE_MODULES = YES;
				CLANG_ENABLE_OBJC_ARC = YES;
				CLANG_WARN_BOOL_CONVERSION = YES;
				CLANG_WARN_CONSTANT_CONVERSION = YES;
				CLANG_WARN_DIRECT_OBJC_ISA_USAGE = YES_ERROR;
				CLANG_WARN_EMPTY_BODY = YES;
				CLANG_WARN_ENUM_CONVERSION = YES;
				CLANG_WARN_INT_CONVERSION = YES;
				CLANG_WARN_OBJC_ROOT_CLASS = YES_ERROR;
				CLANG_WARN_UNREACHABLE_CODE = YES;
				CLANG_WARN__DUPLICATE_METHOD_MATCH = YES;
				"CODE_SIGN_IDENTITY[sdk=iphoneos*]" = "iPhone Developer";
				COPY_PHASE_STRIP = NO;
				DEBUG_INFORMATION_FORMAT = dwarf;
				ENABLE_STRICT_OBJC_MSGSEND = YES;
				ENABLE_TESTABILITY = YES;
				GCC_C_LANGUAGE_STANDARD = gnu99;
				GCC_DYNAMIC_NO_PIC = NO;
				GCC_NO_COMMON_BLOCKS = YES;
				GCC_OPTIMIZATION_LEVEL = 0;
				GCC_PREPROCESSOR_DEFINITIONS = (
					"DEBUG=1",
					"$(inherited)",
				);
				GCC_WARN_64_TO_32_BIT_CONVERSION = YES;
				GCC_WARN_ABOUT_RETURN_TYPE = YES_ERROR;
				GCC_WARN_UNDECLARED_SELECTOR = YES;
				GCC_WARN_UNINITIALIZED_AUTOS = YES_AGGRESSIVE;
				GCC_WARN_UNUSED_FUNCTION = YES;
				GCC_WARN_UNUSED_VARIABLE = YES;
				IPHONEOS_DEPLOYMENT_TARGET = 9.2;
				MTL_ENABLE_DEBUG_INFO = YES;
				ONLY_ACTIVE_ARCH = YES;
				SDKROOT = iphoneos;
				TARGETED_DEVICE_FAMILY = "1,2";
			};
			name = Debug;
		};
		D6A1C1421D2F57F1009693E9 /* Release */ = {
			isa = XCBuildConfiguration;
			buildSettings = {
				ALWAYS_SEARCH_USER_PATHS = NO;
				CLANG_CXX_LANGUAGE_STANDARD = "gnu++0x";
				CLANG_CXX_LIBRARY = "libc++";
				CLANG_ENABLE_MODULES = YES;
				CLANG_ENABLE_OBJC_ARC = YES;
				CLANG_WARN_BOOL_CONVERSION = YES;
				CLANG_WARN_CONSTANT_CONVERSION = YES;
				CLANG_WARN_DIRECT_OBJC_ISA_USAGE = YES_ERROR;
				CLANG_WARN_EMPTY_BODY = YES;
				CLANG_WARN_ENUM_CONVERSION = YES;
				CLANG_WARN_INT_CONVERSION = YES;
				CLANG_WARN_OBJC_ROOT_CLASS = YES_ERROR;
				CLANG_WARN_UNREACHABLE_CODE = YES;
				CLANG_WARN__DUPLICATE_METHOD_MATCH = YES;
				"CODE_SIGN_IDENTITY[sdk=iphoneos*]" = "iPhone Developer";
				COPY_PHASE_STRIP = NO;
				DEBUG_INFORMATION_FORMAT = "dwarf-with-dsym";
				ENABLE_NS_ASSERTIONS = NO;
				ENABLE_STRICT_OBJC_MSGSEND = YES;
				GCC_C_LANGUAGE_STANDARD = gnu99;
				GCC_NO_COMMON_BLOCKS = YES;
				GCC_WARN_64_TO_32_BIT_CONVERSION = YES;
				GCC_WARN_ABOUT_RETURN_TYPE = YES_ERROR;
				GCC_WARN_UNDECLARED_SELECTOR = YES;
				GCC_WARN_UNINITIALIZED_AUTOS = YES_AGGRESSIVE;
				GCC_WARN_UNUSED_FUNCTION = YES;
				GCC_WARN_UNUSED_VARIABLE = YES;
				IPHONEOS_DEPLOYMENT_TARGET = 9.2;
				MTL_ENABLE_DEBUG_INFO = NO;
				SDKROOT = iphoneos;
				TARGETED_DEVICE_FAMILY = "1,2";
				VALIDATE_PRODUCT = YES;
			};
			name = Release;
		};
		D6A1C1441D2F57F1009693E9 /* Debug */ = {
			isa = XCBuildConfiguration;
			baseConfigurationReference = F3D609396A9D66350BDCBF31 /* Pods-nba.debug.xcconfig */;
			buildSettings = {
				ASSETCATALOG_COMPILER_APPICON_NAME = AppIcon;
				CODE_SIGN_IDENTITY = "iPhone Developer: Yang Zhang (Z496ZX8FT7)";
				GCC_PREFIX_HEADER = nba/tool/PrefixHeader.pch;
				INFOPLIST_FILE = nba/Info.plist;
				LD_RUNPATH_SEARCH_PATHS = "$(inherited) @executable_path/Frameworks";
				PRODUCT_BUNDLE_IDENTIFIER = wanccao.nba;
				PRODUCT_NAME = "$(TARGET_NAME)";
				PROVISIONING_PROFILE = "1c9eaf5b-5ad1-433a-80fc-77eac457da24";
			};
			name = Debug;
		};
		D6A1C1451D2F57F1009693E9 /* Release */ = {
			isa = XCBuildConfiguration;
			baseConfigurationReference = 1CEF34DAD109684BE6767B34 /* Pods-nba.release.xcconfig */;
			buildSettings = {
				ASSETCATALOG_COMPILER_APPICON_NAME = AppIcon;
				CODE_SIGN_IDENTITY = "iPhone Developer: Yang Zhang (Z496ZX8FT7)";
				GCC_PREFIX_HEADER = nba/tool/PrefixHeader.pch;
				INFOPLIST_FILE = nba/Info.plist;
				LD_RUNPATH_SEARCH_PATHS = "$(inherited) @executable_path/Frameworks";
				PRODUCT_BUNDLE_IDENTIFIER = wanccao.nba;
				PRODUCT_NAME = "$(TARGET_NAME)";
				PROVISIONING_PROFILE = "1c9eaf5b-5ad1-433a-80fc-77eac457da24";
			};
			name = Release;
		};
/* End XCBuildConfiguration section */

/* Begin XCConfigurationList section */
		D6A1C1241D2F57F1009693E9 /* Build configuration list for PBXProject "nba" */ = {
			isa = XCConfigurationList;
			buildConfigurations = (
				D6A1C1411D2F57F1009693E9 /* Debug */,
				D6A1C1421D2F57F1009693E9 /* Release */,
			);
			defaultConfigurationIsVisible = 0;
			defaultConfigurationName = Release;
		};
		D6A1C1431D2F57F1009693E9 /* Build configuration list for PBXNativeTarget "nba" */ = {
			isa = XCConfigurationList;
			buildConfigurations = (
				D6A1C1441D2F57F1009693E9 /* Debug */,
				D6A1C1451D2F57F1009693E9 /* Release */,
			);
			defaultConfigurationIsVisible = 0;
			defaultConfigurationName = Release;
		};
/* End XCConfigurationList section */

/* Begin XCVersionGroup section */
		D6A1C1381D2F57F1009693E9 /* nba.xcdatamodeld */ = {
			isa = XCVersionGroup;
			children = (
				D6A1C1391D2F57F1009693E9 /* nba.xcdatamodel */,
			);
			currentVersion = D6A1C1391D2F57F1009693E9 /* nba.xcdatamodel */;
			path = nba.xcdatamodeld;
			sourceTree = "<group>";
			versionGroupType = wrapper.xcdatamodel;
		};
/* End XCVersionGroup section */
	};
	rootObject = D6A1C1211D2F57F1009693E9 /* Project object */;
}
